
Microsoft Visual Studio Solution File, Format Version 12.00
# Visual Studio 15
VisualStudioVersion = 15.0.28307.421
MinimumVisualStudioVersion = 10.0.40219.1
Project("{FAE04EC0-301F-11D3-BF4B-00C04F79EFBC}") = "TicTacToe_Solution", "TicTacToe_Solution\TicTacToe_Solution.csproj", "{6FC506BF-01B6-4476-8909-12AE704B22BD}"
EndProject
Global
	GlobalSection(SolutionConfigurationPlatforms) = preSolution
		Debug|Any CPU = Debug|Any CPU
		Release|Any CPU = Release|Any CPU
	EndGlobalSection
	GlobalSection(ProjectConfigurationPlatforms) = postSolution
		{6FC506BF-01B6-4476-8909-12AE704B22BD}.Debug|Any CPU.ActiveCfg = Debug|Any CPU
		{6FC506BF-01B6-4476-8909-12AE704B22BD}.Debug|Any CPU.Build.0 = Debug|Any CPU
		{6FC506BF-01B6-4476-8909-12AE704B22BD}.Release|Any CPU.ActiveCfg = Release|Any CPU
		{6FC506BF-01B6-4476-8909-12AE704B22BD}.Release|Any CPU.Build.0 = Release|Any CPU
	EndGlobalSection
	GlobalSection(SolutionProperties) = preSolution
		HideSolutionNode = FALSE
	EndGlobalSection
	GlobalSection(ExtensibilityGlobals) = postSolution
		SolutionGuid = {6DCAF81E-347D-4A4F-AA8B-0578266988C9}
	EndGlobalSection
EndGlobal
